
Microsoft Visual Studio Solution File, Format Version 12.00
# Visual Studio Version 17
VisualStudioVersion = 17.12.35527.113
MinimumVisualStudioVersion = 10.0.40219.1
Project("{FAE04EC0-301F-11D3-BF4B-00C04F79EFBC}") = "Bulky.DataAccess", "Bulky.DataAccess\Bulky.DataAccess.csproj", "{722C0CAF-B7A7-4AC1-8A2D-1F54A6075597}"
EndProject
Project("{FAE04EC0-301F-11D3-BF4B-00C04F79EFBC}") = "Bulky.Models", "Bulky.Models\Bulky.Models.csproj", "{5EF9501C-AE0B-44DA-9E33-752056F4F9F7}"
EndProject
Project("{FAE04EC0-301F-11D3-BF4B-00C04F79EFBC}") = "Bulky.Utility", "Bulky.Utility\Bulky.Utility.csproj", "{773DE413-7F41-4248-9EF3-C21F918B0A50}"
EndProject
Project("{2150E333-8FDC-42A3-9474-1A3956D46DE8}") = "Solution Items", "Solution Items", "{0630ECAE-5753-4E97-A162-E46347206C70}"
	ProjectSection(SolutionItems) = preProject
		BulkyWeb\BulkyWeb.csproj.user = BulkyWeb\BulkyWeb.csproj.user
	EndProjectSection
EndProject
Project("{FAE04EC0-301F-11D3-BF4B-00C04F79EFBC}") = "BulkyWeb", "BulkyWeb\BulkyWeb.csproj", "{C6494813-9D7A-4852-AA8C-F614F5FC5A2E}"
EndProject
Global
	GlobalSection(SolutionConfigurationPlatforms) = preSolution
		Debug|Any CPU = Debug|Any CPU
		Release|Any CPU = Release|Any CPU
	EndGlobalSection
	GlobalSection(ProjectConfigurationPlatforms) = postSolution
		{722C0CAF-B7A7-4AC1-8A2D-1F54A6075597}.Debug|Any CPU.ActiveCfg = Debug|Any CPU
		{722C0CAF-B7A7-4AC1-8A2D-1F54A6075597}.Debug|Any CPU.Build.0 = Debug|Any CPU
		{722C0CAF-B7A7-4AC1-8A2D-1F54A6075597}.Release|Any CPU.ActiveCfg = Release|Any CPU
		{722C0CAF-B7A7-4AC1-8A2D-1F54A6075597}.Release|Any CPU.Build.0 = Release|Any CPU
		{5EF9501C-AE0B-44DA-9E33-752056F4F9F7}.Debug|Any CPU.ActiveCfg = Debug|Any CPU
		{5EF9501C-AE0B-44DA-9E33-752056F4F9F7}.Debug|Any CPU.Build.0 = Debug|Any CPU
		{5EF9501C-AE0B-44DA-9E33-752056F4F9F7}.Release|Any CPU.ActiveCfg = Release|Any CPU
		{5EF9501C-AE0B-44DA-9E33-752056F4F9F7}.Release|Any CPU.Build.0 = Release|Any CPU
		{773DE413-7F41-4248-9EF3-C21F918B0A50}.Debug|Any CPU.ActiveCfg = Debug|Any CPU
		{773DE413-7F41-4248-9EF3-C21F918B0A50}.Debug|Any CPU.Build.0 = Debug|Any CPU
		{773DE413-7F41-4248-9EF3-C21F918B0A50}.Release|Any CPU.ActiveCfg = Release|Any CPU
		{773DE413-7F41-4248-9EF3-C21F918B0A50}.Release|Any CPU.Build.0 = Release|Any CPU
		{C6494813-9D7A-4852-AA8C-F614F5FC5A2E}.Debug|Any CPU.ActiveCfg = Debug|Any CPU
		{C6494813-9D7A-4852-AA8C-F614F5FC5A2E}.Debug|Any CPU.Build.0 = Debug|Any CPU
		{C6494813-9D7A-4852-AA8C-F614F5FC5A2E}.Release|Any CPU.ActiveCfg = Release|Any CPU
		{C6494813-9D7A-4852-AA8C-F614F5FC5A2E}.Release|Any CPU.Build.0 = Release|Any CPU
	EndGlobalSection
	GlobalSection(SolutionProperties) = preSolution
		HideSolutionNode = FALSE
	EndGlobalSection
EndGlobal
